// !$*UTF8*$!
{
	archiveVersion = 1;
	classes = {
	};
	objectVersion = 50;
	objects = {

/* Begin PBXBuildFile section */
		57D53B8221538EBA001395E9 /* AppDelegate.swift in Sources */ = {isa = PBXBuildFile; fileRef = 57D53B8121538EBA001395E9 /* AppDelegate.swift */; };
		57D53B8421538EBA001395E9 /* ViewController.swift in Sources */ = {isa = PBXBuildFile; fileRef = 57D53B8321538EBA001395E9 /* ViewController.swift */; };
		57D53B8721538EBA001395E9 /* Main.storyboard in Resources */ = {isa = PBXBuildFile; fileRef = 57D53B8521538EBA001395E9 /* Main.storyboard */; };
		57D53B8921538EC0001395E9 /* Assets.xcassets in Resources */ = {isa = PBXBuildFile; fileRef = 57D53B8821538EC0001395E9 /* Assets.xcassets */; };
		57D53B8C21538EC0001395E9 /* LaunchScreen.storyboard in Resources */ = {isa = PBXBuildFile; fileRef = 57D53B8A21538EC0001395E9 /* LaunchScreen.storyboard */; };
		57D53B9721538EC0001395E9 /* NotificationDemoTests.swift in Sources */ = {isa = PBXBuildFile; fileRef = 57D53B9621538EC0001395E9 /* NotificationDemoTests.swift */; };
		57D53BA221538EC0001395E9 /* NotificationDemoUITests.swift in Sources */ = {isa = PBXBuildFile; fileRef = 57D53BA121538EC0001395E9 /* NotificationDemoUITests.swift */; };
/* End PBXBuildFile section */

/* Begin PBXContainerItemProxy section */
		57D53B9321538EC0001395E9 /* PBXContainerItemProxy */ = {
			isa = PBXContainerItemProxy;
			containerPortal = 57D53B7621538EBA001395E9 /* Project object */;
			proxyType = 1;
			remoteGlobalIDString = 57D53B7D21538EBA001395E9;
			remoteInfo = NotificationDemo;
		};
		57D53B9E21538EC0001395E9 /* PBXContainerItemProxy */ = {
			isa = PBXContainerItemProxy;
			containerPortal = 57D53B7621538EBA001395E9 /* Project object */;
			proxyType = 1;
			remoteGlobalIDString = 57D53B7D21538EBA001395E9;
			remoteInfo = NotificationDemo;
		};
/* End PBXContainerItemProxy section */

/* Begin PBXFileReference section */
		57D53B7E21538EBA001395E9 /* NotificationDemo.app */ = {isa = PBXFileReference; explicitFileType = wrapper.application; includeInIndex = 0; path = NotificationDemo.app; sourceTree = BUILT_PRODUCTS_DIR; };
		57D53B8121538EBA001395E9 /* AppDelegate.swift */ = {isa = PBXFileReference; lastKnownFileType = sourcecode.swift; path = AppDelegate.swift; sourceTree = "<group>"; };
		57D53B8321538EBA001395E9 /* ViewController.swift */ = {isa = PBXFileReference; lastKnownFileType = sourcecode.swift; path = ViewController.swift; sourceTree = "<group>"; };
		57D53B8621538EBA001395E9 /* Base */ = {isa = PBXFileReference; lastKnownFileType = file.storyboard; name = Base; path = Base.lproj/Main.storyboard; sourceTree = "<group>"; };
		57D53B8821538EC0001395E9 /* Assets.xcassets */ = {isa = PBXFileReference; lastKnownFileType = folder.assetcatalog; path = Assets.xcassets; sourceTree = "<group>"; };
		57D53B8B21538EC0001395E9 /* Base */ = {isa = PBXFileReference; lastKnownFileType = file.storyboard; name = Base; path = Base.lproj/LaunchScreen.storyboard; sourceTree = "<group>"; };
		57D53B8D21538EC0001395E9 /* Info.plist */ = {isa = PBXFileReference; lastKnownFileType = text.plist.xml; path = Info.plist; sourceTree = "<group>"; };
		57D53B9221538EC0001395E9 /* NotificationDemoTests.xctest */ = {isa = PBXFileReference; explicitFileType = wrapper.cfbundle; includeInIndex = 0; path = NotificationDemoTests.xctest; sourceTree = BUILT_PRODUCTS_DIR; };
		57D53B9621538EC0001395E9 /* NotificationDemoTests.swift */ = {isa = PBXFileReference; lastKnownFileType = sourcecode.swift; path = NotificationDemoTests.swift; sourceTree = "<group>"; };
		57D53B9821538EC0001395E9 /* Info.plist */ = {isa = PBXFileReference; lastKnownFileType = text.plist.xml; path = Info.plist; sourceTree = "<group>"; };
		57D53B9D21538EC0001395E9 /* NotificationDemoUITests.xctest */ = {isa = PBXFileReference; explicitFileType = wrapper.cfbundle; includeInIndex = 0; path = NotificationDemoUITests.xctest; sourceTree = BUILT_PRODUCTS_DIR; };
		57D53BA121538EC0001395E9 /* NotificationDemoUITests.swift */ = {isa = PBXFileReference; lastKnownFileType = sourcecode.swift; path = NotificationDemoUITests.swift; sourceTree = "<group>"; };
		57D53BA321538EC0001395E9 /* Info.plist */ = {isa = PBXFileReference; lastKnownFileType = text.plist.xml; path = Info.plist; sourceTree = "<group>"; };
/* End PBXFileReference section */

/* Begin PBXFrameworksBuildPhase section */
		57D53B7B21538EBA001395E9 /* Frameworks */ = {
			isa = PBXFrameworksBuildPhase;
			buildActionMask = 2147483647;
			files = (
			);
			runOnlyForDeploymentPostprocessing = 0;
		};
		57D53B8F21538EC0001395E9 /* Frameworks */ = {
			isa = PBXFrameworksBuildPhase;
			buildActionMask = 2147483647;
			files = (
			);
			runOnlyForDeploymentPostprocessing = 0;
		};
		57D53B9A21538EC0001395E9 /* Frameworks */ = {
			isa = PBXFrameworksBuildPhase;
			buildActionMask = 2147483647;
			files = (
			);
			runOnlyForDeploymentPostprocessing = 0;
		};
/* End PBXFrameworksBuildPhase section */

/* Begin PBXGroup section */
		57D53B7521538EBA001395E9 = {
			isa = PBXGroup;
			children = (
				57D53B8021538EBA001395E9 /* NotificationDemo */,
				57D53B9521538EC0001395E9 /* NotificationDemoTests */,
				57D53BA021538EC0001395E9 /* NotificationDemoUITests */,
				57D53B7F21538EBA001395E9 /* Products */,
			);
			sourceTree = "<group>";
		};
		57D53B7F21538EBA001395E9 /* Products */ = {
			isa = PBXGroup;
			children = (
				57D53B7E21538EBA001395E9 /* NotificationDemo.app */,
				57D53B9221538EC0001395E9 /* NotificationDemoTests.xctest */,
				57D53B9D21538EC0001395E9 /* NotificationDemoUITests.xctest */,
			);
			name = Products;
			sourceTree = "<group>";
		};
		57D53B8021538EBA001395E9 /* NotificationDemo */ = {
			isa = PBXGroup;
			children = (
				57D53B8121538EBA001395E9 /* AppDelegate.swift */,
				57D53B8321538EBA001395E9 /* ViewController.swift */,
				57D53B8521538EBA001395E9 /* Main.storyboard */,
				57D53B8821538EC0001395E9 /* Assets.xcassets */,
				57D53B8A21538EC0001395E9 /* LaunchScreen.storyboard */,
				57D53B8D21538EC0001395E9 /* Info.plist */,
			);
			path = NotificationDemo;
			sourceTree = "<group>";
		};
		57D53B9521538EC0001395E9 /* NotificationDemoTests */ = {
			isa = PBXGroup;
			children = (
				57D53B9621538EC0001395E9 /* NotificationDemoTests.swift */,
				57D53B9821538EC0001395E9 /* Info.plist */,
			);
			path = NotificationDemoTests;
			sourceTree = "<group>";
		};
		57D53BA021538EC0001395E9 /* NotificationDemoUITests */ = {
			isa = PBXGroup;
			children = (
				57D53BA121538EC0001395E9 /* NotificationDemoUITests.swift */,
				57D53BA321538EC0001395E9 /* Info.plist */,
			);
			path = NotificationDemoUITests;
			sourceTree = "<group>";
		};
/* End PBXGroup section */

/* Begin PBXNativeTarget section */
		57D53B7D21538EBA001395E9 /* NotificationDemo */ = {
			isa = PBXNativeTarget;
			buildConfigurationList = 57D53BA621538EC0001395E9 /* Build configuration list for PBXNativeTarget "NotificationDemo" */;
			buildPhases = (
				57D53B7A21538EBA001395E9 /* Sources */,
				57D53B7B21538EBA001395E9 /* Frameworks */,
				57D53B7C21538EBA001395E9 /* Resources */,
			);
			buildRules = (
			);
			dependencies = (
			);
			name = NotificationDemo;
			productName = NotificationDemo;
			productReference = 57D53B7E21538EBA001395E9 /* NotificationDemo.app */;
			productType = "com.apple.product-type.application";
		};
		57D53B9121538EC0001395E9 /* NotificationDemoTests */ = {
			isa = PBXNativeTarget;
			buildConfigurationList = 57D53BA921538EC0001395E9 /* Build configuration list for PBXNativeTarget "NotificationDemoTests" */;
			buildPhases = (
				57D53B8E21538EC0001395E9 /* Sources */,
				57D53B8F21538EC0001395E9 /* Frameworks */,
				57D53B9021538EC0001395E9 /* Resources */,
			);
			buildRules = (
			);
			dependencies = (
				57D53B9421538EC0001395E9 /* PBXTargetDependency */,
			);
			name = NotificationDemoTests;
			productName = NotificationDemoTests;
			productReference = 57D53B9221538EC0001395E9 /* NotificationDemoTests.xctest */;
			productType = "com.apple.product-type.bundle.unit-test";
		};
		57D53B9C21538EC0001395E9 /* NotificationDemoUITests */ = {
			isa = PBXNativeTarget;
			buildConfigurationList = 57D53BAC21538EC0001395E9 /* Build configuration list for PBXNativeTarget "NotificationDemoUITests" */;
			buildPhases = (
				57D53B9921538EC0001395E9 /* Sources */,
				57D53B9A21538EC0001395E9 /* Frameworks */,
				57D53B9B21538EC0001395E9 /* Resources */,
			);
			buildRules = (
			);
			dependencies = (
				57D53B9F21538EC0001395E9 /* PBXTargetDependency */,
			);
			name = NotificationDemoUITests;
			productName = NotificationDemoUITests;
			productReference = 57D53B9D21538EC0001395E9 /* NotificationDemoUITests.xctest */;
			productType = "com.apple.product-type.bundle.ui-testing";
		};
/* End PBXNativeTarget section */

/* Begin PBXProject section */
		57D53B7621538EBA001395E9 /* Project object */ = {
			isa = PBXProject;
			attributes = {
				LastSwiftUpdateCheck = 0940;
				LastUpgradeCheck = 0940;
				ORGANIZATIONNAME = ONGRAPH_PC;
				TargetAttributes = {
					57D53B7D21538EBA001395E9 = {
						CreatedOnToolsVersion = 9.4;
					};
					57D53B9121538EC0001395E9 = {
						CreatedOnToolsVersion = 9.4;
						TestTargetID = 57D53B7D21538EBA001395E9;
					};
					57D53B9C21538EC0001395E9 = {
						CreatedOnToolsVersion = 9.4;
						TestTargetID = 57D53B7D21538EBA001395E9;
					};
				};
			};
			buildConfigurationList = 57D53B7921538EBA001395E9 /* Build configuration list for PBXProject "NotificationDemo" */;
			compatibilityVersion = "Xcode 9.3";
			developmentRegion = en;
			hasScannedForEncodings = 0;
			knownRegions = (
				en,
				Base,
			);
			mainGroup = 57D53B7521538EBA001395E9;
			productRefGroup = 57D53B7F21538EBA001395E9 /* Products */;
			projectDirPath = "";
			projectRoot = "";
			targets = (
				57D53B7D21538EBA001395E9 /* NotificationDemo */,
				57D53B9121538EC0001395E9 /* NotificationDemoTests */,
				57D53B9C21538EC0001395E9 /* NotificationDemoUITests */,
			);
		};
/* End PBXProject section */

/* Begin PBXResourcesBuildPhase section */
		57D53B7C21538EBA001395E9 /* Resources */ = {
			isa = PBXResourcesBuildPhase;
			buildActionMask = 2147483647;
			files = (
				57D53B8C21538EC0001395E9 /* LaunchScreen.storyboard in Resources */,
				57D53B8921538EC0001395E9 /* Assets.xcassets in Resources */,
				57D53B8721538EBA001395E9 /* Main.storyboard in Resources */,
			);
			runOnlyForDeploymentPostprocessing = 0;
		};
		57D53B9021538EC0001395E9 /* Resources */ = {
			isa = PBXResourcesBuildPhase;
			buildActionMask = 2147483647;
			files = (
			);
			runOnlyForDeploymentPostprocessing = 0;
		};
		57D53B9B21538EC0001395E9 /* Resources */ = {
			isa = PBXResourcesBuildPhase;
			buildActionMask = 2147483647;
			files = (
			);
			runOnlyForDeploymentPostprocessing = 0;
		};
/* End PBXResourcesBuildPhase section */

/* Begin PBXSourcesBuildPhase section */
		57D53B7A21538EBA001395E9 /* Sources */ = {
			isa = PBXSourcesBuildPhase;
			buildActionMask = 2147483647;
			files = (
				57D53B8421538EBA001395E9 /* ViewController.swift in Sources */,
				57D53B8221538EBA001395E9 /* AppDelegate.swift in Sources */,
			);
			runOnlyForDeploymentPostprocessing = 0;
		};
		57D53B8E21538EC0001395E9 /* Sources */ = {
			isa = PBXSourcesBuildPhase;
			buildActionMask = 2147483647;
			files = (
				57D53B9721538EC0001395E9 /* NotificationDemoTests.swift in Sources */,
			);
			runOnlyForDeploymentPostprocessing = 0;
		};
		57D53B9921538EC0001395E9 /* Sources */ = {
			isa = PBXSourcesBuildPhase;
			buildActionMask = 2147483647;
			files = (
				57D53BA221538EC0001395E9 /* NotificationDemoUITests.swift in Sources */,
			);
			runOnlyForDeploymentPostprocessing = 0;
		};
/* End PBXSourcesBuildPhase section */

/* Begin PBXTargetDependency section */
		57D53B9421538EC0001395E9 /* PBXTargetDependency */ = {
			isa = PBXTargetDependency;
			target = 57D53B7D21538EBA001395E9 /* NotificationDemo */;
			targetProxy = 57D53B9321538EC0001395E9 /* PBXContainerItemProxy */;
		};
		57D53B9F21538EC0001395E9 /* PBXTargetDependency */ = {
			isa = PBXTargetDependency;
			target = 57D53B7D21538EBA001395E9 /* NotificationDemo */;
			targetProxy = 57D53B9E21538EC0001395E9 /* PBXContainerItemProxy */;
		};
/* End PBXTargetDependency section */

/* Begin PBXVariantGroup section */
		57D53B8521538EBA001395E9 /* Main.storyboard */ = {
			isa = PBXVariantGroup;
			children = (
				57D53B8621538EBA001395E9 /* Base */,
			);
			name = Main.storyboard;
			sourceTree = "<group>";
		};
		57D53B8A21538EC0001395E9 /* LaunchScreen.storyboard */ = {
			isa = PBXVariantGroup;
			children = (
				57D53B8B21538EC0001395E9 /* Base */,
			);
			name = LaunchScreen.storyboard;
			sourceTree = "<group>";
		};
/* End PBXVariantGroup section */

/* Begin XCBuildConfiguration section */
		57D53BA421538EC0001395E9 /* Debug */ = {
			isa = XCBuildConfiguration;
			buildSettings = {
				ALWAYS_SEARCH_USER_PATHS = NO;
				CLANG_ANALYZER_NONNULL = YES;
				CLANG_ANALYZER_NUMBER_OBJECT_CONVERSION = YES_AGGRESSIVE;
				CLANG_CXX_LANGUAGE_STANDARD = "gnu++14";
				CLANG_CXX_LIBRARY = "libc++";
				CLANG_ENABLE_MODULES = YES;
				CLANG_ENABLE_OBJC_ARC = YES;
				CLANG_ENABLE_OBJC_WEAK = YES;
				CLANG_WARN_BLOCK_CAPTURE_AUTORELEASING = YES;
				CLANG_WARN_BOOL_CONVERSION = YES;
				CLANG_WARN_COMMA = YES;
				CLANG_WARN_CONSTANT_CONVERSION = YES;
				CLANG_WARN_DEPRECATED_OBJC_IMPLEMENTATIONS = YES;
				CLANG_WARN_DIRECT_OBJC_ISA_USAGE = YES_ERROR;
				CLANG_WARN_DOCUMENTATION_COMMENTS = YES;
				CLANG_WARN_EMPTY_BODY = YES;
				CLANG_WARN_ENUM_CONVERSION = YES;
				CLANG_WARN_INFINITE_RECURSION = YES;
				CLANG_WARN_INT_CONVERSION = YES;
				CLANG_WARN_NON_LITERAL_NULL_CONVERSION = YES;
				CLANG_WARN_OBJC_IMPLICIT_RETAIN_SELF = YES;
				CLANG_WARN_OBJC_LITERAL_CONVERSION = YES;
				CLANG_WARN_OBJC_ROOT_CLASS = YES_ERROR;
				CLANG_WARN_RANGE_LOOP_ANALYSIS = YES;
				CLANG_WARN_STRICT_PROTOTYPES = YES;
				CLANG_WARN_SUSPICIOUS_MOVE = YES;
				CLANG_WARN_UNGUARDED_AVAILABILITY = YES_AGGRESSIVE;
				CLANG_WARN_UNREACHABLE_CODE = YES;
				CLANG_WARN__DUPLICATE_METHOD_MATCH = YES;
				CODE_SIGN_IDENTITY = "iPhone Developer";
				COPY_PHASE_STRIP = NO;
				DEBUG_INFORMATION_FORMAT = dwarf;
				ENABLE_STRICT_OBJC_MSGSEND = YES;
				ENABLE_TESTABILITY = YES;
				GCC_C_LANGUAGE_STANDARD = gnu11;
				GCC_DYNAMIC_NO_PIC = NO;
				GCC_NO_COMMON_BLOCKS = YES;
				GCC_OPTIMIZATION_LEVEL = 0;
				GCC_PREPROCESSOR_DEFINITIONS = (
					"DEBUG=1",
					"$(inherited)",
				);
				GCC_WARN_64_TO_32_BIT_CONVERSION = YES;
				GCC_WARN_ABOUT_RETURN_TYPE = YES_ERROR;
				GCC_WARN_UNDECLARED_SELECTOR = YES;
				GCC_WARN_UNINITIALIZED_AUTOS = YES_AGGRESSIVE;
				GCC_WARN_UNUSED_FUNCTION = YES;
				GCC_WARN_UNUSED_VARIABLE = YES;
				IPHONEOS_DEPLOYMENT_TARGET = 11.4;
				MTL_ENABLE_DEBUG_INFO = YES;
				ONLY_ACTIVE_ARCH = YES;
				SDKROOT = iphoneos;
				SWIFT_ACTIVE_COMPILATION_CONDITIONS = DEBUG;
				SWIFT_OPTIMIZATION_LEVEL = "-Onone";
			};
			name = Debug;
		};
		57D53BA521538EC0001395E9 /* Release */ = {
			isa = XCBuildConfiguration;
			buildSettings = {
				ALWAYS_SEARCH_USER_PATHS = NO;
				CLANG_ANALYZER_NONNULL = YES;
				CLANG_ANALYZER_NUMBER_OBJECT_CONVERSION = YES_AGGRESSIVE;
				CLANG_CXX_LANGUAGE_STANDARD = "gnu++14";
				CLANG_CXX_LIBRARY = "libc++";
				CLANG_ENABLE_MODULES = YES;
				CLANG_ENABLE_OBJC_ARC = YES;
				CLANG_ENABLE_OBJC_WEAK = YES;
				CLANG_WARN_BLOCK_CAPTURE_AUTORELEASING = YES;
				CLANG_WARN_BOOL_CONVERSION = YES;
				CLANG_WARN_COMMA = YES;
				CLANG_WARN_CONSTANT_CONVERSION = YES;
				CLANG_WARN_DEPRECATED_OBJC_IMPLEMENTATIONS = YES;
				CLANG_WARN_DIRECT_OBJC_ISA_USAGE = YES_ERROR;
				CLANG_WARN_DOCUMENTATION_COMMENTS = YES;
				CLANG_WARN_EMPTY_BODY = YES;
				CLANG_WARN_ENUM_CONVERSION = YES;
				CLANG_WARN_INFINITE_RECURSION = YES;
				CLANG_WARN_INT_CONVERSION = YES;
				CLANG_WARN_NON_LITERAL_NULL_CONVERSION = YES;
				CLANG_WARN_OBJC_IMPLICIT_RETAIN_SELF = YES;
				CLANG_WARN_OBJC_LITERAL_CONVERSION = YES;
				CLANG_WARN_OBJC_ROOT_CLASS = YES_ERROR;
				CLANG_WARN_RANGE_LOOP_ANALYSIS = YES;
				CLANG_WARN_STRICT_PROTOTYPES = YES;
				CLANG_WARN_SUSPICIOUS_MOVE = YES;
				CLANG_WARN_UNGUARDED_AVAILABILITY = YES_AGGRESSIVE;
				CLANG_WARN_UNREACHABLE_CODE = YES;
				CLANG_WARN__DUPLICATE_METHOD_MATCH = YES;
				CODE_SIGN_IDENTITY = "iPhone Developer";
				COPY_PHASE_STRIP = NO;
				DEBUG_INFORMATION_FORMAT = "dwarf-with-dsym";
				ENABLE_NS_ASSERTIONS = NO;
				ENABLE_STRICT_OBJC_MSGSEND = YES;
				GCC_C_LANGUAGE_STANDARD = gnu11;
				GCC_NO_COMMON_BLOCKS = YES;
				GCC_WARN_64_TO_32_BIT_CONVERSION = YES;
				GCC_WARN_ABOUT_RETURN_TYPE = YES_ERROR;
				GCC_WARN_UNDECLARED_SELECTOR = YES;
				GCC_WARN_UNINITIALIZED_AUTOS = YES_AGGRESSIVE;
				GCC_WARN_UNUSED_FUNCTION = YES;
				GCC_WARN_UNUSED_VARIABLE = YES;
				IPHONEOS_DEPLOYMENT_TARGET = 11.4;
				MTL_ENABLE_DEBUG_INFO = NO;
				SDKROOT = iphoneos;
				SWIFT_COMPILATION_MODE = wholemodule;
				SWIFT_OPTIMIZATION_LEVEL = "-O";
				VALIDATE_PRODUCT = YES;
			};
			name = Release;
		};
		57D53BA721538EC0001395E9 /* Debug */ = {
			isa = XCBuildConfiguration;
			buildSettings = {
				ASSETCATALOG_COMPILER_APPICON_NAME = AppIcon;
				CODE_SIGN_STYLE = Automatic;
				INFOPLIST_FILE = NotificationDemo/Info.plist;
				LD_RUNPATH_SEARCH_PATHS = (
					"$(inherited)",
					"@executable_path/Frameworks",
				);
				PRODUCT_BUNDLE_IDENTIFIER = com.notification.NotificationDemo.NotificationDemo;
				PRODUCT_NAME = "$(TARGET_NAME)";
				SWIFT_VERSION = 4.0;
				TARGETED_DEVICE_FAMILY = "1,2";
			};
			name = Debug;
		};
		57D53BA821538EC0001395E9 /* Release */ = {
			isa = XCBuildConfiguration;
			buildSettings = {
				ASSETCATALOG_COMPILER_APPICON_NAME = AppIcon;
				CODE_SIGN_STYLE = Automatic;
				INFOPLIST_FILE = NotificationDemo/Info.plist;
				LD_RUNPATH_SEARCH_PATHS = (
					"$(inherited)",
					"@executable_path/Frameworks",
				);
				PRODUCT_BUNDLE_IDENTIFIER = com.notification.NotificationDemo.NotificationDemo;
				PRODUCT_NAME = "$(TARGET_NAME)";
				SWIFT_VERSION = 4.0;
				TARGETED_DEVICE_FAMILY = "1,2";
			};
			name = Release;
		};
		57D53BAA21538EC0001395E9 /* Debug */ = {
			isa = XCBuildConfiguration;
			buildSettings = {
				ALWAYS_EMBED_SWIFT_STANDARD_LIBRARIES = YES;
				BUNDLE_LOADER = "$(TEST_HOST)";
				CODE_SIGN_STYLE = Automatic;
				INFOPLIST_FILE = NotificationDemoTests/Info.plist;
				LD_RUNPATH_SEARCH_PATHS = (
					"$(inherited)",
					"@executable_path/Frameworks",
					"@loader_path/Frameworks",
				);
				PRODUCT_BUNDLE_IDENTIFIER = com.notification.NotificationDemo.NotificationDemoTests;
				PRODUCT_NAME = "$(TARGET_NAME)";
				SWIFT_VERSION = 4.0;
				TARGETED_DEVICE_FAMILY = "1,2";
				TEST_HOST = "$(BUILT_PRODUCTS_DIR)/NotificationDemo.app/NotificationDemo";
			};
			name = Debug;
		};
		57D53BAB21538EC0001395E9 /* Release */ = {
			isa = XCBuildConfiguration;
			buildSettings = {
				ALWAYS_EMBED_SWIFT_STANDARD_LIBRARIES = YES;
				BUNDLE_LOADER = "$(TEST_HOST)";
				CODE_SIGN_STYLE = Automatic;
				INFOPLIST_FILE = NotificationDemoTests/Info.plist;
				LD_RUNPATH_SEARCH_PATHS = (
					"$(inherited)",
					"@executable_path/Frameworks",
					"@loader_path/Frameworks",
				);
				PRODUCT_BUNDLE_IDENTIFIER = com.notification.NotificationDemo.NotificationDemoTests;
				PRODUCT_NAME = "$(TARGET_NAME)";
				SWIFT_VERSION = 4.0;
				TARGETED_DEVICE_FAMILY = "1,2";
				TEST_HOST = "$(BUILT_PRODUCTS_DIR)/NotificationDemo.app/NotificationDemo";
			};
			name = Release;
		};
		57D53BAD21538EC0001395E9 /* Debug */ = {
			isa = XCBuildConfiguration;
			buildSettings = {
				ALWAYS_EMBED_SWIFT_STANDARD_LIBRARIES = YES;
				CODE_SIGN_STYLE = Automatic;
				INFOPLIST_FILE = NotificationDemoUITests/Info.plist;
				LD_RUNPATH_SEARCH_PATHS = (
					"$(inherited)",
					"@executable_path/Frameworks",
					"@loader_path/Frameworks",
				);
				PRODUCT_BUNDLE_IDENTIFIER = com.notification.NotificationDemo.NotificationDemoUITests;
				PRODUCT_NAME = "$(TARGET_NAME)";
				SWIFT_VERSION = 4.0;
				TARGETED_DEVICE_FAMILY = "1,2";
				TEST_TARGET_NAME = NotificationDemo;
			};
			name = Debug;
		};
		57D53BAE21538EC0001395E9 /* Release */ = {
			isa = XCBuildConfiguration;
			buildSettings = {
				ALWAYS_EMBED_SWIFT_STANDARD_LIBRARIES = YES;
				CODE_SIGN_STYLE = Automatic;
				INFOPLIST_FILE = NotificationDemoUITests/Info.plist;
				LD_RUNPATH_SEARCH_PATHS = (
					"$(inherited)",
					"@executable_path/Frameworks",
					"@loader_path/Frameworks",
				);
				PRODUCT_BUNDLE_IDENTIFIER = com.notification.NotificationDemo.NotificationDemoUITests;
				PRODUCT_NAME = "$(TARGET_NAME)";
				SWIFT_VERSION = 4.0;
				TARGETED_DEVICE_FAMILY = "1,2";
				TEST_TARGET_NAME = NotificationDemo;
			};
			name = Release;
		};
/* End XCBuildConfiguration section */

/* Begin XCConfigurationList section */
		57D53B7921538EBA001395E9 /* Build configuration list for PBXProject "NotificationDemo" */ = {
			isa = XCConfigurationList;
			buildConfigurations = (
				57D53BA421538EC0001395E9 /* Debug */,
				57D53BA521538EC0001395E9 /* Release */,
			);
			defaultConfigurationIsVisible = 0;
			defaultConfigurationName = Release;
		};
		57D53BA621538EC0001395E9 /* Build configuration list for PBXNativeTarget "NotificationDemo" */ = {
			isa = XCConfigurationList;
			buildConfigurations = (
				57D53BA721538EC0001395E9 /* Debug */,
				57D53BA821538EC0001395E9 /* Release */,
			);
			defaultConfigurationIsVisible = 0;
			defaultConfigurationName = Release;
		};
		57D53BA921538EC0001395E9 /* Build configuration list for PBXNativeTarget "NotificationDemoTests" */ = {
			isa = XCConfigurationList;
			buildConfigurations = (
				57D53BAA21538EC0001395E9 /* Debug */,
				57D53BAB21538EC0001395E9 /* Release */,
			);
			defaultConfigurationIsVisible = 0;
			defaultConfigurationName = Release;
		};
		57D53BAC21538EC0001395E9 /* Build configuration list for PBXNativeTarget "NotificationDemoUITests" */ = {
			isa = XCConfigurationList;
			buildConfigurations = (
				57D53BAD21538EC0001395E9 /* Debug */,
				57D53BAE21538EC0001395E9 /* Release */,
			);
			defaultConfigurationIsVisible = 0;
			defaultConfigurationName = Release;
		};
/* End XCConfigurationList section */
	};
	rootObject = 57D53B7621538EBA001395E9 /* Project object */;
}
